
Microsoft Visual Studio Solution File, Format Version 12.00
# Visual Studio Version 16
VisualStudioVersion = 16.0.30907.101
MinimumVisualStudioVersion = 10.0.40219.1
Project("{FAE04EC0-301F-11D3-BF4B-00C04F79EFBC}") = "project 4", "project 4\project 4.csproj", "{9EC80A34-173E-449D-A97C-3EA64B434905}"
EndProject
Global
	GlobalSection(SolutionConfigurationPlatforms) = preSolution
		Debug|Any CPU = Debug|Any CPU
		Release|Any CPU = Release|Any CPU
	EndGlobalSection
	GlobalSection(ProjectConfigurationPlatforms) = postSolution
		{9EC80A34-173E-449D-A97C-3EA64B434905}.Debug|Any CPU.ActiveCfg = Debug|Any CPU
		{9EC80A34-173E-449D-A97C-3EA64B434905}.Debug|Any CPU.Build.0 = Debug|Any CPU
		{9EC80A34-173E-449D-A97C-3EA64B434905}.Release|Any CPU.ActiveCfg = Release|Any CPU
		{9EC80A34-173E-449D-A97C-3EA64B434905}.Release|Any CPU.Build.0 = Release|Any CPU
	EndGlobalSection
	GlobalSection(SolutionProperties) = preSolution
		HideSolutionNode = FALSE
	EndGlobalSection
	GlobalSection(ExtensibilityGlobals) = postSolution
		SolutionGuid = {79264F07-144A-4FFB-B33B-337527141935}
	EndGlobalSection
EndGlobal
